
Microsoft Visual Studio Solution File, Format Version 12.00
# Visual Studio Version 16
VisualStudioVersion = 16.0.31515.178
MinimumVisualStudioVersion = 10.0.40219.1
Project("{FAE04EC0-301F-11D3-BF4B-00C04F79EFBC}") = "SalesWeb", "SalesWeb\SalesWeb.csproj", "{4A4AFF10-3C39-4E29-9224-1CD62E87F833}"
EndProject
Global
	GlobalSection(SolutionConfigurationPlatforms) = preSolution
		Debug|Any CPU = Debug|Any CPU
		Release|Any CPU = Release|Any CPU
	EndGlobalSection
	GlobalSection(ProjectConfigurationPlatforms) = postSolution
		{4A4AFF10-3C39-4E29-9224-1CD62E87F833}.Debug|Any CPU.ActiveCfg = Debug|Any CPU
		{4A4AFF10-3C39-4E29-9224-1CD62E87F833}.Debug|Any CPU.Build.0 = Debug|Any CPU
		{4A4AFF10-3C39-4E29-9224-1CD62E87F833}.Release|Any CPU.ActiveCfg = Release|Any CPU
		{4A4AFF10-3C39-4E29-9224-1CD62E87F833}.Release|Any CPU.Build.0 = Release|Any CPU
	EndGlobalSection
	GlobalSection(SolutionProperties) = preSolution
		HideSolutionNode = FALSE
	EndGlobalSection
	GlobalSection(ExtensibilityGlobals) = postSolution
		SolutionGuid = {7C07B690-47DA-4DF5-BD1A-7E022AE4E61B}
	EndGlobalSection
EndGlobal
